
Microsoft Visual Studio Solution File, Format Version 12.00
# Visual Studio Version 17
VisualStudioVersion = 17.14.36327.8 d17.14
MinimumVisualStudioVersion = 10.0.40219.1
Project("{FAE04EC0-301F-11D3-BF4B-00C04F79EFBC}") = "CollageSportsApi", "CollageSportsApi\CollageSportsApi.csproj", "{0896659F-FAA3-4443-A9F7-63747B7A769D}"
EndProject
Global
	GlobalSection(SolutionConfigurationPlatforms) = preSolution
		Debug|Any CPU = Debug|Any CPU
		Release|Any CPU = Release|Any CPU
	EndGlobalSection
	GlobalSection(ProjectConfigurationPlatforms) = postSolution
		{0896659F-FAA3-4443-A9F7-63747B7A769D}.Debug|Any CPU.ActiveCfg = Debug|Any CPU
		{0896659F-FAA3-4443-A9F7-63747B7A769D}.Debug|Any CPU.Build.0 = Debug|Any CPU
		{0896659F-FAA3-4443-A9F7-63747B7A769D}.Release|Any CPU.ActiveCfg = Release|Any CPU
		{0896659F-FAA3-4443-A9F7-63747B7A769D}.Release|Any CPU.Build.0 = Release|Any CPU
	EndGlobalSection
	GlobalSection(SolutionProperties) = preSolution
		HideSolutionNode = FALSE
	EndGlobalSection
	GlobalSection(ExtensibilityGlobals) = postSolution
		SolutionGuid = {19DC6B03-0ACC-4448-90A1-1FECFD6F1D14}
	EndGlobalSection
EndGlobal
